// !$*UTF8*$!
{
	archiveVersion = 1;
	classes = {
	};
	objectVersion = 50;
	objects = {

/* Begin PBXBuildFile section */
		09B427DD974A5943E47057FD /* Pods_github_actions_study_ios_github_actions_study_iosUITests.framework in Frameworks */ = {isa = PBXBuildFile; fileRef = CF79D7358D939B388F0F1949 /* Pods_github_actions_study_ios_github_actions_study_iosUITests.framework */; };
		54DA3C0EDA0FC78D857658F2 /* Pods_github_actions_study_iosTests.framework in Frameworks */ = {isa = PBXBuildFile; fileRef = 8E4335F7580D660CE8CF700D /* Pods_github_actions_study_iosTests.framework */; };
		6D7981B026B6D586000B23C1 /* AppDelegate.swift in Sources */ = {isa = PBXBuildFile; fileRef = 6D7981AF26B6D586000B23C1 /* AppDelegate.swift */; };
		6D7981B226B6D586000B23C1 /* SceneDelegate.swift in Sources */ = {isa = PBXBuildFile; fileRef = 6D7981B126B6D586000B23C1 /* SceneDelegate.swift */; };
		6D7981B426B6D586000B23C1 /* ViewController.swift in Sources */ = {isa = PBXBuildFile; fileRef = 6D7981B326B6D586000B23C1 /* ViewController.swift */; };
		6D7981B726B6D586000B23C1 /* Main.storyboard in Resources */ = {isa = PBXBuildFile; fileRef = 6D7981B526B6D586000B23C1 /* Main.storyboard */; };
		6D7981B926B6D589000B23C1 /* Assets.xcassets in Resources */ = {isa = PBXBuildFile; fileRef = 6D7981B826B6D589000B23C1 /* Assets.xcassets */; };
		6D7981BC26B6D589000B23C1 /* LaunchScreen.storyboard in Resources */ = {isa = PBXBuildFile; fileRef = 6D7981BA26B6D589000B23C1 /* LaunchScreen.storyboard */; };
		6D7981C726B6D589000B23C1 /* github_actions_study_iosTests.swift in Sources */ = {isa = PBXBuildFile; fileRef = 6D7981C626B6D589000B23C1 /* github_actions_study_iosTests.swift */; };
		6D7981D226B6D589000B23C1 /* github_actions_study_iosUITests.swift in Sources */ = {isa = PBXBuildFile; fileRef = 6D7981D126B6D589000B23C1 /* github_actions_study_iosUITests.swift */; };
		F0156ED384BDC4FEB878CC77 /* Pods_github_actions_study_ios.framework in Frameworks */ = {isa = PBXBuildFile; fileRef = 06CF822A5C5F2CBEB9BBF155 /* Pods_github_actions_study_ios.framework */; };
/* End PBXBuildFile section */

/* Begin PBXContainerItemProxy section */
		6D7981C326B6D589000B23C1 /* PBXContainerItemProxy */ = {
			isa = PBXContainerItemProxy;
			containerPortal = 6D7981A426B6D586000B23C1 /* Project object */;
			proxyType = 1;
			remoteGlobalIDString = 6D7981AB26B6D586000B23C1;
			remoteInfo = "github-actions-study-ios";
		};
		6D7981CE26B6D589000B23C1 /* PBXContainerItemProxy */ = {
			isa = PBXContainerItemProxy;
			containerPortal = 6D7981A426B6D586000B23C1 /* Project object */;
			proxyType = 1;
			remoteGlobalIDString = 6D7981AB26B6D586000B23C1;
			remoteInfo = "github-actions-study-ios";
		};
/* End PBXContainerItemProxy section */

/* Begin PBXFileReference section */
		06CF822A5C5F2CBEB9BBF155 /* Pods_github_actions_study_ios.framework */ = {isa = PBXFileReference; explicitFileType = wrapper.framework; includeInIndex = 0; path = Pods_github_actions_study_ios.framework; sourceTree = BUILT_PRODUCTS_DIR; };
		59F6E1EDDBCA036B4ABC58E8 /* Pods-github-actions-study-ios.release.xcconfig */ = {isa = PBXFileReference; includeInIndex = 1; lastKnownFileType = text.xcconfig; name = "Pods-github-actions-study-ios.release.xcconfig"; path = "Target Support Files/Pods-github-actions-study-ios/Pods-github-actions-study-ios.release.xcconfig"; sourceTree = "<group>"; };
		6D7981AC26B6D586000B23C1 /* github-actions-study-ios.app */ = {isa = PBXFileReference; explicitFileType = wrapper.application; includeInIndex = 0; path = "github-actions-study-ios.app"; sourceTree = BUILT_PRODUCTS_DIR; };
		6D7981AF26B6D586000B23C1 /* AppDelegate.swift */ = {isa = PBXFileReference; lastKnownFileType = sourcecode.swift; path = AppDelegate.swift; sourceTree = "<group>"; };
		6D7981B126B6D586000B23C1 /* SceneDelegate.swift */ = {isa = PBXFileReference; lastKnownFileType = sourcecode.swift; path = SceneDelegate.swift; sourceTree = "<group>"; };
		6D7981B326B6D586000B23C1 /* ViewController.swift */ = {isa = PBXFileReference; lastKnownFileType = sourcecode.swift; path = ViewController.swift; sourceTree = "<group>"; };
		6D7981B626B6D586000B23C1 /* Base */ = {isa = PBXFileReference; lastKnownFileType = file.storyboard; name = Base; path = Base.lproj/Main.storyboard; sourceTree = "<group>"; };
		6D7981B826B6D589000B23C1 /* Assets.xcassets */ = {isa = PBXFileReference; lastKnownFileType = folder.assetcatalog; path = Assets.xcassets; sourceTree = "<group>"; };
		6D7981BB26B6D589000B23C1 /* Base */ = {isa = PBXFileReference; lastKnownFileType = file.storyboard; name = Base; path = Base.lproj/LaunchScreen.storyboard; sourceTree = "<group>"; };
		6D7981BD26B6D589000B23C1 /* Info.plist */ = {isa = PBXFileReference; lastKnownFileType = text.plist.xml; path = Info.plist; sourceTree = "<group>"; };
		6D7981C226B6D589000B23C1 /* github-actions-study-iosTests.xctest */ = {isa = PBXFileReference; explicitFileType = wrapper.cfbundle; includeInIndex = 0; path = "github-actions-study-iosTests.xctest"; sourceTree = BUILT_PRODUCTS_DIR; };
		6D7981C626B6D589000B23C1 /* github_actions_study_iosTests.swift */ = {isa = PBXFileReference; lastKnownFileType = sourcecode.swift; path = github_actions_study_iosTests.swift; sourceTree = "<group>"; };
		6D7981C826B6D589000B23C1 /* Info.plist */ = {isa = PBXFileReference; lastKnownFileType = text.plist.xml; path = Info.plist; sourceTree = "<group>"; };
		6D7981CD26B6D589000B23C1 /* github-actions-study-iosUITests.xctest */ = {isa = PBXFileReference; explicitFileType = wrapper.cfbundle; includeInIndex = 0; path = "github-actions-study-iosUITests.xctest"; sourceTree = BUILT_PRODUCTS_DIR; };
		6D7981D126B6D589000B23C1 /* github_actions_study_iosUITests.swift */ = {isa = PBXFileReference; lastKnownFileType = sourcecode.swift; path = github_actions_study_iosUITests.swift; sourceTree = "<group>"; };
		6D7981D326B6D589000B23C1 /* Info.plist */ = {isa = PBXFileReference; lastKnownFileType = text.plist.xml; path = Info.plist; sourceTree = "<group>"; };
		6E74BA2FF9170A22FA003A33 /* Pods-github-actions-study-ios.debug.xcconfig */ = {isa = PBXFileReference; includeInIndex = 1; lastKnownFileType = text.xcconfig; name = "Pods-github-actions-study-ios.debug.xcconfig"; path = "Target Support Files/Pods-github-actions-study-ios/Pods-github-actions-study-ios.debug.xcconfig"; sourceTree = "<group>"; };
		8B0FF15E098A17122BF026B3 /* Pods-github-actions-study-ios-github-actions-study-iosUITests.release.xcconfig */ = {isa = PBXFileReference; includeInIndex = 1; lastKnownFileType = text.xcconfig; name = "Pods-github-actions-study-ios-github-actions-study-iosUITests.release.xcconfig"; path = "Target Support Files/Pods-github-actions-study-ios-github-actions-study-iosUITests/Pods-github-actions-study-ios-github-actions-study-iosUITests.release.xcconfig"; sourceTree = "<group>"; };
		8E4335F7580D660CE8CF700D /* Pods_github_actions_study_iosTests.framework */ = {isa = PBXFileReference; explicitFileType = wrapper.framework; includeInIndex = 0; path = Pods_github_actions_study_iosTests.framework; sourceTree = BUILT_PRODUCTS_DIR; };
		AED41566A83B9F03F1F17803 /* Pods-github-actions-study-ios-github-actions-study-iosUITests.debug.xcconfig */ = {isa = PBXFileReference; includeInIndex = 1; lastKnownFileType = text.xcconfig; name = "Pods-github-actions-study-ios-github-actions-study-iosUITests.debug.xcconfig"; path = "Target Support Files/Pods-github-actions-study-ios-github-actions-study-iosUITests/Pods-github-actions-study-ios-github-actions-study-iosUITests.debug.xcconfig"; sourceTree = "<group>"; };
		CF79D7358D939B388F0F1949 /* Pods_github_actions_study_ios_github_actions_study_iosUITests.framework */ = {isa = PBXFileReference; explicitFileType = wrapper.framework; includeInIndex = 0; path = Pods_github_actions_study_ios_github_actions_study_iosUITests.framework; sourceTree = BUILT_PRODUCTS_DIR; };
		E0B4913991F566766D2D5A60 /* Pods-github-actions-study-iosTests.release.xcconfig */ = {isa = PBXFileReference; includeInIndex = 1; lastKnownFileType = text.xcconfig; name = "Pods-github-actions-study-iosTests.release.xcconfig"; path = "Target Support Files/Pods-github-actions-study-iosTests/Pods-github-actions-study-iosTests.release.xcconfig"; sourceTree = "<group>"; };
		E79486FBC18838A6FFB3C654 /* Pods-github-actions-study-iosTests.debug.xcconfig */ = {isa = PBXFileReference; includeInIndex = 1; lastKnownFileType = text.xcconfig; name = "Pods-github-actions-study-iosTests.debug.xcconfig"; path = "Target Support Files/Pods-github-actions-study-iosTests/Pods-github-actions-study-iosTests.debug.xcconfig"; sourceTree = "<group>"; };
/* End PBXFileReference section */

/* Begin PBXFrameworksBuildPhase section */
		6D7981A926B6D586000B23C1 /* Frameworks */ = {
			isa = PBXFrameworksBuildPhase;
			buildActionMask = 2147483647;
			files = (
				F0156ED384BDC4FEB878CC77 /* Pods_github_actions_study_ios.framework in Frameworks */,
			);
			runOnlyForDeploymentPostprocessing = 0;
		};
		6D7981BF26B6D589000B23C1 /* Frameworks */ = {
			isa = PBXFrameworksBuildPhase;
			buildActionMask = 2147483647;
			files = (
				54DA3C0EDA0FC78D857658F2 /* Pods_github_actions_study_iosTests.framework in Frameworks */,
			);
			runOnlyForDeploymentPostprocessing = 0;
		};
		6D7981CA26B6D589000B23C1 /* Frameworks */ = {
			isa = PBXFrameworksBuildPhase;
			buildActionMask = 2147483647;
			files = (
				09B427DD974A5943E47057FD /* Pods_github_actions_study_ios_github_actions_study_iosUITests.framework in Frameworks */,
			);
			runOnlyForDeploymentPostprocessing = 0;
		};
/* End PBXFrameworksBuildPhase section */

/* Begin PBXGroup section */
		13C37C57FA16FF5A5BF1D7D3 /* Pods */ = {
			isa = PBXGroup;
			children = (
				6E74BA2FF9170A22FA003A33 /* Pods-github-actions-study-ios.debug.xcconfig */,
				59F6E1EDDBCA036B4ABC58E8 /* Pods-github-actions-study-ios.release.xcconfig */,
				AED41566A83B9F03F1F17803 /* Pods-github-actions-study-ios-github-actions-study-iosUITests.debug.xcconfig */,
				8B0FF15E098A17122BF026B3 /* Pods-github-actions-study-ios-github-actions-study-iosUITests.release.xcconfig */,
				E79486FBC18838A6FFB3C654 /* Pods-github-actions-study-iosTests.debug.xcconfig */,
				E0B4913991F566766D2D5A60 /* Pods-github-actions-study-iosTests.release.xcconfig */,
			);
			name = Pods;
			path = Pods;
			sourceTree = "<group>";
		};
		6D7981A326B6D586000B23C1 = {
			isa = PBXGroup;
			children = (
				6D7981AE26B6D586000B23C1 /* github-actions-study-ios */,
				6D7981C526B6D589000B23C1 /* github-actions-study-iosTests */,
				6D7981D026B6D589000B23C1 /* github-actions-study-iosUITests */,
				6D7981AD26B6D586000B23C1 /* Products */,
				13C37C57FA16FF5A5BF1D7D3 /* Pods */,
				F0ED154A76E5E5728CB3B3C1 /* Frameworks */,
			);
			sourceTree = "<group>";
		};
		6D7981AD26B6D586000B23C1 /* Products */ = {
			isa = PBXGroup;
			children = (
				6D7981AC26B6D586000B23C1 /* github-actions-study-ios.app */,
				6D7981C226B6D589000B23C1 /* github-actions-study-iosTests.xctest */,
				6D7981CD26B6D589000B23C1 /* github-actions-study-iosUITests.xctest */,
			);
			name = Products;
			sourceTree = "<group>";
		};
		6D7981AE26B6D586000B23C1 /* github-actions-study-ios */ = {
			isa = PBXGroup;
			children = (
				6D7981AF26B6D586000B23C1 /* AppDelegate.swift */,
				6D7981B126B6D586000B23C1 /* SceneDelegate.swift */,
				6D7981B326B6D586000B23C1 /* ViewController.swift */,
				6D7981B526B6D586000B23C1 /* Main.storyboard */,
				6D7981B826B6D589000B23C1 /* Assets.xcassets */,
				6D7981BA26B6D589000B23C1 /* LaunchScreen.storyboard */,
				6D7981BD26B6D589000B23C1 /* Info.plist */,
			);
			path = "github-actions-study-ios";
			sourceTree = "<group>";
		};
		6D7981C526B6D589000B23C1 /* github-actions-study-iosTests */ = {
			isa = PBXGroup;
			children = (
				6D7981C626B6D589000B23C1 /* github_actions_study_iosTests.swift */,
				6D7981C826B6D589000B23C1 /* Info.plist */,
			);
			path = "github-actions-study-iosTests";
			sourceTree = "<group>";
		};
		6D7981D026B6D589000B23C1 /* github-actions-study-iosUITests */ = {
			isa = PBXGroup;
			children = (
				6D7981D126B6D589000B23C1 /* github_actions_study_iosUITests.swift */,
				6D7981D326B6D589000B23C1 /* Info.plist */,
			);
			path = "github-actions-study-iosUITests";
			sourceTree = "<group>";
		};
		F0ED154A76E5E5728CB3B3C1 /* Frameworks */ = {
			isa = PBXGroup;
			children = (
				06CF822A5C5F2CBEB9BBF155 /* Pods_github_actions_study_ios.framework */,
				CF79D7358D939B388F0F1949 /* Pods_github_actions_study_ios_github_actions_study_iosUITests.framework */,
				8E4335F7580D660CE8CF700D /* Pods_github_actions_study_iosTests.framework */,
			);
			name = Frameworks;
			sourceTree = "<group>";
		};
/* End PBXGroup section */

/* Begin PBXNativeTarget section */
		6D7981AB26B6D586000B23C1 /* github-actions-study-ios */ = {
			isa = PBXNativeTarget;
			buildConfigurationList = 6D7981D626B6D589000B23C1 /* Build configuration list for PBXNativeTarget "github-actions-study-ios" */;
			buildPhases = (
				11F408E1EE1EA3E69A160ABB /* [CP] Check Pods Manifest.lock */,
				6D7981A826B6D586000B23C1 /* Sources */,
				6D7981A926B6D586000B23C1 /* Frameworks */,
				6D7981AA26B6D586000B23C1 /* Resources */,
			);
			buildRules = (
			);
			dependencies = (
			);
			name = "github-actions-study-ios";
			productName = "github-actions-study-ios";
			productReference = 6D7981AC26B6D586000B23C1 /* github-actions-study-ios.app */;
			productType = "com.apple.product-type.application";
		};
		6D7981C126B6D589000B23C1 /* github-actions-study-iosTests */ = {
			isa = PBXNativeTarget;
			buildConfigurationList = 6D7981D926B6D589000B23C1 /* Build configuration list for PBXNativeTarget "github-actions-study-iosTests" */;
			buildPhases = (
				6354B42FC37636BC05AEE11F /* [CP] Check Pods Manifest.lock */,
				6D7981BE26B6D589000B23C1 /* Sources */,
				6D7981BF26B6D589000B23C1 /* Frameworks */,
				6D7981C026B6D589000B23C1 /* Resources */,
			);
			buildRules = (
			);
			dependencies = (
				6D7981C426B6D589000B23C1 /* PBXTargetDependency */,
			);
			name = "github-actions-study-iosTests";
			productName = "github-actions-study-iosTests";
			productReference = 6D7981C226B6D589000B23C1 /* github-actions-study-iosTests.xctest */;
			productType = "com.apple.product-type.bundle.unit-test";
		};
		6D7981CC26B6D589000B23C1 /* github-actions-study-iosUITests */ = {
			isa = PBXNativeTarget;
			buildConfigurationList = 6D7981DC26B6D589000B23C1 /* Build configuration list for PBXNativeTarget "github-actions-study-iosUITests" */;
			buildPhases = (
				633DBCF61D03408FAECCDB48 /* [CP] Check Pods Manifest.lock */,
				6D7981C926B6D589000B23C1 /* Sources */,
				6D7981CA26B6D589000B23C1 /* Frameworks */,
				6D7981CB26B6D589000B23C1 /* Resources */,
			);
			buildRules = (
			);
			dependencies = (
				6D7981CF26B6D589000B23C1 /* PBXTargetDependency */,
			);
			name = "github-actions-study-iosUITests";
			productName = "github-actions-study-iosUITests";
			productReference = 6D7981CD26B6D589000B23C1 /* github-actions-study-iosUITests.xctest */;
			productType = "com.apple.product-type.bundle.ui-testing";
		};
/* End PBXNativeTarget section */

/* Begin PBXProject section */
		6D7981A426B6D586000B23C1 /* Project object */ = {
			isa = PBXProject;
			attributes = {
				LastSwiftUpdateCheck = 1250;
				LastUpgradeCheck = 1250;
				TargetAttributes = {
					6D7981AB26B6D586000B23C1 = {
						CreatedOnToolsVersion = 12.5.1;
					};
					6D7981C126B6D589000B23C1 = {
						CreatedOnToolsVersion = 12.5.1;
						TestTargetID = 6D7981AB26B6D586000B23C1;
					};
					6D7981CC26B6D589000B23C1 = {
						CreatedOnToolsVersion = 12.5.1;
						TestTargetID = 6D7981AB26B6D586000B23C1;
					};
				};
			};
			buildConfigurationList = 6D7981A726B6D586000B23C1 /* Build configuration list for PBXProject "github-actions-study-ios" */;
			compatibilityVersion = "Xcode 9.3";
			developmentRegion = en;
			hasScannedForEncodings = 0;
			knownRegions = (
				en,
				Base,
			);
			mainGroup = 6D7981A326B6D586000B23C1;
			productRefGroup = 6D7981AD26B6D586000B23C1 /* Products */;
			projectDirPath = "";
			projectRoot = "";
			targets = (
				6D7981AB26B6D586000B23C1 /* github-actions-study-ios */,
				6D7981C126B6D589000B23C1 /* github-actions-study-iosTests */,
				6D7981CC26B6D589000B23C1 /* github-actions-study-iosUITests */,
			);
		};
/* End PBXProject section */

/* Begin PBXResourcesBuildPhase section */
		6D7981AA26B6D586000B23C1 /* Resources */ = {
			isa = PBXResourcesBuildPhase;
			buildActionMask = 2147483647;
			files = (
				6D7981BC26B6D589000B23C1 /* LaunchScreen.storyboard in Resources */,
				6D7981B926B6D589000B23C1 /* Assets.xcassets in Resources */,
				6D7981B726B6D586000B23C1 /* Main.storyboard in Resources */,
			);
			runOnlyForDeploymentPostprocessing = 0;
		};
		6D7981C026B6D589000B23C1 /* Resources */ = {
			isa = PBXResourcesBuildPhase;
			buildActionMask = 2147483647;
			files = (
			);
			runOnlyForDeploymentPostprocessing = 0;
		};
		6D7981CB26B6D589000B23C1 /* Resources */ = {
			isa = PBXResourcesBuildPhase;
			buildActionMask = 2147483647;
			files = (
			);
			runOnlyForDeploymentPostprocessing = 0;
		};
/* End PBXResourcesBuildPhase section */

/* Begin PBXShellScriptBuildPhase section */
		11F408E1EE1EA3E69A160ABB /* [CP] Check Pods Manifest.lock */ = {
			isa = PBXShellScriptBuildPhase;
			buildActionMask = 2147483647;
			files = (
			);
			inputFileListPaths = (
			);
			inputPaths = (
				"${PODS_PODFILE_DIR_PATH}/Podfile.lock",
				"${PODS_ROOT}/Manifest.lock",
			);
			name = "[CP] Check Pods Manifest.lock";
			outputFileListPaths = (
			);
			outputPaths = (
				"$(DERIVED_FILE_DIR)/Pods-github-actions-study-ios-checkManifestLockResult.txt",
			);
			runOnlyForDeploymentPostprocessing = 0;
			shellPath = /bin/sh;
			shellScript = "diff \"${PODS_PODFILE_DIR_PATH}/Podfile.lock\" \"${PODS_ROOT}/Manifest.lock\" > /dev/null\nif [ $? != 0 ] ; then\n    # print error to STDERR\n    echo \"error: The sandbox is not in sync with the Podfile.lock. Run 'pod install' or update your CocoaPods installation.\" >&2\n    exit 1\nfi\n# This output is used by Xcode 'outputs' to avoid re-running this script phase.\necho \"SUCCESS\" > \"${SCRIPT_OUTPUT_FILE_0}\"\n";
			showEnvVarsInLog = 0;
		};
		633DBCF61D03408FAECCDB48 /* [CP] Check Pods Manifest.lock */ = {
			isa = PBXShellScriptBuildPhase;
			buildActionMask = 2147483647;
			files = (
			);
			inputFileListPaths = (
			);
			inputPaths = (
				"${PODS_PODFILE_DIR_PATH}/Podfile.lock",
				"${PODS_ROOT}/Manifest.lock",
			);
			name = "[CP] Check Pods Manifest.lock";
			outputFileListPaths = (
			);
			outputPaths = (
				"$(DERIVED_FILE_DIR)/Pods-github-actions-study-ios-github-actions-study-iosUITests-checkManifestLockResult.txt",
			);
			runOnlyForDeploymentPostprocessing = 0;
			shellPath = /bin/sh;
			shellScript = "diff \"${PODS_PODFILE_DIR_PATH}/Podfile.lock\" \"${PODS_ROOT}/Manifest.lock\" > /dev/null\nif [ $? != 0 ] ; then\n    # print error to STDERR\n    echo \"error: The sandbox is not in sync with the Podfile.lock. Run 'pod install' or update your CocoaPods installation.\" >&2\n    exit 1\nfi\n# This output is used by Xcode 'outputs' to avoid re-running this script phase.\necho \"SUCCESS\" > \"${SCRIPT_OUTPUT_FILE_0}\"\n";
			showEnvVarsInLog = 0;
		};
		6354B42FC37636BC05AEE11F /* [CP] Check Pods Manifest.lock */ = {
			isa = PBXShellScriptBuildPhase;
			buildActionMask = 2147483647;
			files = (
			);
			inputFileListPaths = (
			);
			inputPaths = (
				"${PODS_PODFILE_DIR_PATH}/Podfile.lock",
				"${PODS_ROOT}/Manifest.lock",
			);
			name = "[CP] Check Pods Manifest.lock";
			outputFileListPaths = (
			);
			outputPaths = (
				"$(DERIVED_FILE_DIR)/Pods-github-actions-study-iosTests-checkManifestLockResult.txt",
			);
			runOnlyForDeploymentPostprocessing = 0;
			shellPath = /bin/sh;
			shellScript = "diff \"${PODS_PODFILE_DIR_PATH}/Podfile.lock\" \"${PODS_ROOT}/Manifest.lock\" > /dev/null\nif [ $? != 0 ] ; then\n    # print error to STDERR\n    echo \"error: The sandbox is not in sync with the Podfile.lock. Run 'pod install' or update your CocoaPods installation.\" >&2\n    exit 1\nfi\n# This output is used by Xcode 'outputs' to avoid re-running this script phase.\necho \"SUCCESS\" > \"${SCRIPT_OUTPUT_FILE_0}\"\n";
			showEnvVarsInLog = 0;
		};
/* End PBXShellScriptBuildPhase section */

/* Begin PBXSourcesBuildPhase section */
		6D7981A826B6D586000B23C1 /* Sources */ = {
			isa = PBXSourcesBuildPhase;
			buildActionMask = 2147483647;
			files = (
				6D7981B426B6D586000B23C1 /* ViewController.swift in Sources */,
				6D7981B026B6D586000B23C1 /* AppDelegate.swift in Sources */,
				6D7981B226B6D586000B23C1 /* SceneDelegate.swift in Sources */,
			);
			runOnlyForDeploymentPostprocessing = 0;
		};
		6D7981BE26B6D589000B23C1 /* Sources */ = {
			isa = PBXSourcesBuildPhase;
			buildActionMask = 2147483647;
			files = (
				6D7981C726B6D589000B23C1 /* github_actions_study_iosTests.swift in Sources */,
			);
			runOnlyForDeploymentPostprocessing = 0;
		};
		6D7981C926B6D589000B23C1 /* Sources */ = {
			isa = PBXSourcesBuildPhase;
			buildActionMask = 2147483647;
			files = (
				6D7981D226B6D589000B23C1 /* github_actions_study_iosUITests.swift in Sources */,
			);
			runOnlyForDeploymentPostprocessing = 0;
		};
/* End PBXSourcesBuildPhase section */

/* Begin PBXTargetDependency section */
		6D7981C426B6D589000B23C1 /* PBXTargetDependency */ = {
			isa = PBXTargetDependency;
			target = 6D7981AB26B6D586000B23C1 /* github-actions-study-ios */;
			targetProxy = 6D7981C326B6D589000B23C1 /* PBXContainerItemProxy */;
		};
		6D7981CF26B6D589000B23C1 /* PBXTargetDependency */ = {
			isa = PBXTargetDependency;
			target = 6D7981AB26B6D586000B23C1 /* github-actions-study-ios */;
			targetProxy = 6D7981CE26B6D589000B23C1 /* PBXContainerItemProxy */;
		};
/* End PBXTargetDependency section */

/* Begin PBXVariantGroup section */
		6D7981B526B6D586000B23C1 /* Main.storyboard */ = {
			isa = PBXVariantGroup;
			children = (
				6D7981B626B6D586000B23C1 /* Base */,
			);
			name = Main.storyboard;
			sourceTree = "<group>";
		};
		6D7981BA26B6D589000B23C1 /* LaunchScreen.storyboard */ = {
			isa = PBXVariantGroup;
			children = (
				6D7981BB26B6D589000B23C1 /* Base */,
			);
			name = LaunchScreen.storyboard;
			sourceTree = "<group>";
		};
/* End PBXVariantGroup section */

/* Begin XCBuildConfiguration section */
		6D7981D426B6D589000B23C1 /* Debug */ = {
			isa = XCBuildConfiguration;
			buildSettings = {
				ALWAYS_SEARCH_USER_PATHS = NO;
				CLANG_ANALYZER_NONNULL = YES;
				CLANG_ANALYZER_NUMBER_OBJECT_CONVERSION = YES_AGGRESSIVE;
				CLANG_CXX_LANGUAGE_STANDARD = "gnu++14";
				CLANG_CXX_LIBRARY = "libc++";
				CLANG_ENABLE_MODULES = YES;
				CLANG_ENABLE_OBJC_ARC = YES;
				CLANG_ENABLE_OBJC_WEAK = YES;
				CLANG_WARN_BLOCK_CAPTURE_AUTORELEASING = YES;
				CLANG_WARN_BOOL_CONVERSION = YES;
				CLANG_WARN_COMMA = YES;
				CLANG_WARN_CONSTANT_CONVERSION = YES;
				CLANG_WARN_DEPRECATED_OBJC_IMPLEMENTATIONS = YES;
				CLANG_WARN_DIRECT_OBJC_ISA_USAGE = YES_ERROR;
				CLANG_WARN_DOCUMENTATION_COMMENTS = YES;
				CLANG_WARN_EMPTY_BODY = YES;
				CLANG_WARN_ENUM_CONVERSION = YES;
				CLANG_WARN_INFINITE_RECURSION = YES;
				CLANG_WARN_INT_CONVERSION = YES;
				CLANG_WARN_NON_LITERAL_NULL_CONVERSION = YES;
				CLANG_WARN_OBJC_IMPLICIT_RETAIN_SELF = YES;
				CLANG_WARN_OBJC_LITERAL_CONVERSION = YES;
				CLANG_WARN_OBJC_ROOT_CLASS = YES_ERROR;
				CLANG_WARN_QUOTED_INCLUDE_IN_FRAMEWORK_HEADER = YES;
				CLANG_WARN_RANGE_LOOP_ANALYSIS = YES;
				CLANG_WARN_STRICT_PROTOTYPES = YES;
				CLANG_WARN_SUSPICIOUS_MOVE = YES;
				CLANG_WARN_UNGUARDED_AVAILABILITY = YES_AGGRESSIVE;
				CLANG_WARN_UNREACHABLE_CODE = YES;
				CLANG_WARN__DUPLICATE_METHOD_MATCH = YES;
				COPY_PHASE_STRIP = NO;
				DEBUG_INFORMATION_FORMAT = dwarf;
				ENABLE_STRICT_OBJC_MSGSEND = YES;
				ENABLE_TESTABILITY = YES;
				GCC_C_LANGUAGE_STANDARD = gnu11;
				GCC_DYNAMIC_NO_PIC = NO;
				GCC_NO_COMMON_BLOCKS = YES;
				GCC_OPTIMIZATION_LEVEL = 0;
				GCC_PREPROCESSOR_DEFINITIONS = (
					"DEBUG=1",
					"$(inherited)",
				);
				GCC_WARN_64_TO_32_BIT_CONVERSION = YES;
				GCC_WARN_ABOUT_RETURN_TYPE = YES_ERROR;
				GCC_WARN_UNDECLARED_SELECTOR = YES;
				GCC_WARN_UNINITIALIZED_AUTOS = YES_AGGRESSIVE;
				GCC_WARN_UNUSED_FUNCTION = YES;
				GCC_WARN_UNUSED_VARIABLE = YES;
				IPHONEOS_DEPLOYMENT_TARGET = 13.0;
				MTL_ENABLE_DEBUG_INFO = INCLUDE_SOURCE;
				MTL_FAST_MATH = YES;
				ONLY_ACTIVE_ARCH = YES;
				SDKROOT = iphoneos;
				SWIFT_ACTIVE_COMPILATION_CONDITIONS = DEBUG;
				SWIFT_OPTIMIZATION_LEVEL = "-Onone";
			};
			name = Debug;
		};
		6D7981D526B6D589000B23C1 /* Release */ = {
			isa = XCBuildConfiguration;
			buildSettings = {
				ALWAYS_SEARCH_USER_PATHS = NO;
				CLANG_ANALYZER_NONNULL = YES;
				CLANG_ANALYZER_NUMBER_OBJECT_CONVERSION = YES_AGGRESSIVE;
				CLANG_CXX_LANGUAGE_STANDARD = "gnu++14";
				CLANG_CXX_LIBRARY = "libc++";
				CLANG_ENABLE_MODULES = YES;
				CLANG_ENABLE_OBJC_ARC = YES;
				CLANG_ENABLE_OBJC_WEAK = YES;
				CLANG_WARN_BLOCK_CAPTURE_AUTORELEASING = YES;
				CLANG_WARN_BOOL_CONVERSION = YES;
				CLANG_WARN_COMMA = YES;
				CLANG_WARN_CONSTANT_CONVERSION = YES;
				CLANG_WARN_DEPRECATED_OBJC_IMPLEMENTATIONS = YES;
				CLANG_WARN_DIRECT_OBJC_ISA_USAGE = YES_ERROR;
				CLANG_WARN_DOCUMENTATION_COMMENTS = YES;
				CLANG_WARN_EMPTY_BODY = YES;
				CLANG_WARN_ENUM_CONVERSION = YES;
				CLANG_WARN_INFINITE_RECURSION = YES;
				CLANG_WARN_INT_CONVERSION = YES;
				CLANG_WARN_NON_LITERAL_NULL_CONVERSION = YES;
				CLANG_WARN_OBJC_IMPLICIT_RETAIN_SELF = YES;
				CLANG_WARN_OBJC_LITERAL_CONVERSION = YES;
				CLANG_WARN_OBJC_ROOT_CLASS = YES_ERROR;
				CLANG_WARN_QUOTED_INCLUDE_IN_FRAMEWORK_HEADER = YES;
				CLANG_WARN_RANGE_LOOP_ANALYSIS = YES;
				CLANG_WARN_STRICT_PROTOTYPES = YES;
				CLANG_WARN_SUSPICIOUS_MOVE = YES;
				CLANG_WARN_UNGUARDED_AVAILABILITY = YES_AGGRESSIVE;
				CLANG_WARN_UNREACHABLE_CODE = YES;
				CLANG_WARN__DUPLICATE_METHOD_MATCH = YES;
				COPY_PHASE_STRIP = NO;
				DEBUG_INFORMATION_FORMAT = "dwarf-with-dsym";
				ENABLE_NS_ASSERTIONS = NO;
				ENABLE_STRICT_OBJC_MSGSEND = YES;
				GCC_C_LANGUAGE_STANDARD = gnu11;
				GCC_NO_COMMON_BLOCKS = YES;
				GCC_WARN_64_TO_32_BIT_CONVERSION = YES;
				GCC_WARN_ABOUT_RETURN_TYPE = YES_ERROR;
				GCC_WARN_UNDECLARED_SELECTOR = YES;
				GCC_WARN_UNINITIALIZED_AUTOS = YES_AGGRESSIVE;
				GCC_WARN_UNUSED_FUNCTION = YES;
				GCC_WARN_UNUSED_VARIABLE = YES;
				IPHONEOS_DEPLOYMENT_TARGET = 13.0;
				MTL_ENABLE_DEBUG_INFO = NO;
				MTL_FAST_MATH = YES;
				SDKROOT = iphoneos;
				SWIFT_COMPILATION_MODE = wholemodule;
				SWIFT_OPTIMIZATION_LEVEL = "-O";
				VALIDATE_PRODUCT = YES;
			};
			name = Release;
		};
		6D7981D726B6D589000B23C1 /* Debug */ = {
			isa = XCBuildConfiguration;
			baseConfigurationReference = 6E74BA2FF9170A22FA003A33 /* Pods-github-actions-study-ios.debug.xcconfig */;
			buildSettings = {
				ASSETCATALOG_COMPILER_APPICON_NAME = AppIcon;
				ASSETCATALOG_COMPILER_GLOBAL_ACCENT_COLOR_NAME = AccentColor;
				CODE_SIGN_STYLE = Automatic;
				DEVELOPMENT_TEAM = JAVLHVDLHY;
				INFOPLIST_FILE = "github-actions-study-ios/Info.plist";
				LD_RUNPATH_SEARCH_PATHS = (
					"$(inherited)",
					"@executable_path/Frameworks",
				);
				PRODUCT_BUNDLE_IDENTIFIER = "practice.github-actions-study-ios";
				PRODUCT_NAME = "$(TARGET_NAME)";
				SWIFT_VERSION = 5.0;
				TARGETED_DEVICE_FAMILY = "1,2";
			};
			name = Debug;
		};
		6D7981D826B6D589000B23C1 /* Release */ = {
			isa = XCBuildConfiguration;
			baseConfigurationReference = 59F6E1EDDBCA036B4ABC58E8 /* Pods-github-actions-study-ios.release.xcconfig */;
			buildSettings = {
				ASSETCATALOG_COMPILER_APPICON_NAME = AppIcon;
				ASSETCATALOG_COMPILER_GLOBAL_ACCENT_COLOR_NAME = AccentColor;
				CODE_SIGN_STYLE = Automatic;
				DEVELOPMENT_TEAM = JAVLHVDLHY;
				INFOPLIST_FILE = "github-actions-study-ios/Info.plist";
				LD_RUNPATH_SEARCH_PATHS = (
					"$(inherited)",
					"@executable_path/Frameworks",
				);
				PRODUCT_BUNDLE_IDENTIFIER = "practice.github-actions-study-ios";
				PRODUCT_NAME = "$(TARGET_NAME)";
				SWIFT_VERSION = 5.0;
				TARGETED_DEVICE_FAMILY = "1,2";
			};
			name = Release;
		};
		6D7981DA26B6D589000B23C1 /* Debug */ = {
			isa = XCBuildConfiguration;
			baseConfigurationReference = E79486FBC18838A6FFB3C654 /* Pods-github-actions-study-iosTests.debug.xcconfig */;
			buildSettings = {
				ALWAYS_EMBED_SWIFT_STANDARD_LIBRARIES = YES;
				BUNDLE_LOADER = "$(TEST_HOST)";
				CODE_SIGN_STYLE = Automatic;
				DEVELOPMENT_TEAM = JAVLHVDLHY;
				INFOPLIST_FILE = "github-actions-study-iosTests/Info.plist";
				IPHONEOS_DEPLOYMENT_TARGET = 14.5;
				LD_RUNPATH_SEARCH_PATHS = (
					"$(inherited)",
					"@executable_path/Frameworks",
					"@loader_path/Frameworks",
				);
				PRODUCT_BUNDLE_IDENTIFIER = "practice.github-actions-study-iosTests";
				PRODUCT_NAME = "$(TARGET_NAME)";
				SWIFT_VERSION = 5.0;
				TARGETED_DEVICE_FAMILY = "1,2";
				TEST_HOST = "$(BUILT_PRODUCTS_DIR)/github-actions-study-ios.app/github-actions-study-ios";
			};
			name = Debug;
		};
		6D7981DB26B6D589000B23C1 /* Release */ = {
			isa = XCBuildConfiguration;
			baseConfigurationReference = E0B4913991F566766D2D5A60 /* Pods-github-actions-study-iosTests.release.xcconfig */;
			buildSettings = {
				ALWAYS_EMBED_SWIFT_STANDARD_LIBRARIES = YES;
				BUNDLE_LOADER = "$(TEST_HOST)";
				CODE_SIGN_STYLE = Automatic;
				DEVELOPMENT_TEAM = JAVLHVDLHY;
				INFOPLIST_FILE = "github-actions-study-iosTests/Info.plist";
				IPHONEOS_DEPLOYMENT_TARGET = 14.5;
				LD_RUNPATH_SEARCH_PATHS = (
					"$(inherited)",
					"@executable_path/Frameworks",
					"@loader_path/Frameworks",
				);
				PRODUCT_BUNDLE_IDENTIFIER = "practice.github-actions-study-iosTests";
				PRODUCT_NAME = "$(TARGET_NAME)";
				SWIFT_VERSION = 5.0;
				TARGETED_DEVICE_FAMILY = "1,2";
				TEST_HOST = "$(BUILT_PRODUCTS_DIR)/github-actions-study-ios.app/github-actions-study-ios";
			};
			name = Release;
		};
		6D7981DD26B6D589000B23C1 /* Debug */ = {
			isa = XCBuildConfiguration;
			baseConfigurationReference = AED41566A83B9F03F1F17803 /* Pods-github-actions-study-ios-github-actions-study-iosUITests.debug.xcconfig */;
			buildSettings = {
				ALWAYS_EMBED_SWIFT_STANDARD_LIBRARIES = YES;
				CODE_SIGN_STYLE = Automatic;
				DEVELOPMENT_TEAM = JAVLHVDLHY;
				INFOPLIST_FILE = "github-actions-study-iosUITests/Info.plist";
				LD_RUNPATH_SEARCH_PATHS = (
					"$(inherited)",
					"@executable_path/Frameworks",
					"@loader_path/Frameworks",
				);
				PRODUCT_BUNDLE_IDENTIFIER = "practice.github-actions-study-iosUITests";
				PRODUCT_NAME = "$(TARGET_NAME)";
				SWIFT_VERSION = 5.0;
				TARGETED_DEVICE_FAMILY = "1,2";
				TEST_TARGET_NAME = "github-actions-study-ios";
			};
			name = Debug;
		};
		6D7981DE26B6D589000B23C1 /* Release */ = {
			isa = XCBuildConfiguration;
			baseConfigurationReference = 8B0FF15E098A17122BF026B3 /* Pods-github-actions-study-ios-github-actions-study-iosUITests.release.xcconfig */;
			buildSettings = {
				ALWAYS_EMBED_SWIFT_STANDARD_LIBRARIES = YES;
				CODE_SIGN_STYLE = Automatic;
				DEVELOPMENT_TEAM = JAVLHVDLHY;
				INFOPLIST_FILE = "github-actions-study-iosUITests/Info.plist";
				LD_RUNPATH_SEARCH_PATHS = (
					"$(inherited)",
					"@executable_path/Frameworks",
					"@loader_path/Frameworks",
				);
				PRODUCT_BUNDLE_IDENTIFIER = "practice.github-actions-study-iosUITests";
				PRODUCT_NAME = "$(TARGET_NAME)";
				SWIFT_VERSION = 5.0;
				TARGETED_DEVICE_FAMILY = "1,2";
				TEST_TARGET_NAME = "github-actions-study-ios";
			};
			name = Release;
		};
/* End XCBuildConfiguration section */

/* Begin XCConfigurationList section */
		6D7981A726B6D586000B23C1 /* Build configuration list for PBXProject "github-actions-study-ios" */ = {
			isa = XCConfigurationList;
			buildConfigurations = (
				6D7981D426B6D589000B23C1 /* Debug */,
				6D7981D526B6D589000B23C1 /* Release */,
			);
			defaultConfigurationIsVisible = 0;
			defaultConfigurationName = Release;
		};
		6D7981D626B6D589000B23C1 /* Build configuration list for PBXNativeTarget "github-actions-study-ios" */ = {
			isa = XCConfigurationList;
			buildConfigurations = (
				6D7981D726B6D589000B23C1 /* Debug */,
				6D7981D826B6D589000B23C1 /* Release */,
			);
			defaultConfigurationIsVisible = 0;
			defaultConfigurationName = Release;
		};
		6D7981D926B6D589000B23C1 /* Build configuration list for PBXNativeTarget "github-actions-study-iosTests" */ = {
			isa = XCConfigurationList;
			buildConfigurations = (
				6D7981DA26B6D589000B23C1 /* Debug */,
				6D7981DB26B6D589000B23C1 /* Release */,
			);
			defaultConfigurationIsVisible = 0;
			defaultConfigurationName = Release;
		};
		6D7981DC26B6D589000B23C1 /* Build configuration list for PBXNativeTarget "github-actions-study-iosUITests" */ = {
			isa = XCConfigurationList;
			buildConfigurations = (
				6D7981DD26B6D589000B23C1 /* Debug */,
				6D7981DE26B6D589000B23C1 /* Release */,
			);
			defaultConfigurationIsVisible = 0;
			defaultConfigurationName = Release;
		};
/* End XCConfigurationList section */
	};
	rootObject = 6D7981A426B6D586000B23C1 /* Project object */;
}
